
Microsoft Visual Studio Solution File, Format Version 12.00
# Visual Studio Version 16
VisualStudioVersion = 16.0.30114.105
MinimumVisualStudioVersion = 10.0.40219.1
Project("{9A19103F-16F7-4668-BE54-9A1E7A4F7556}") = "XFeatureTest", "XFeatureTest.csproj", "{81BC18BB-EF54-479E-BFEF-837DF5FC6E45}"
EndProject
Project("{2150E333-8FDC-42A3-9474-1A3956D46DE8}") = "Examples", "Examples", "{C086FB4C-5C53-4C80-9F13-BB3327F24E3A}"
EndProject
Project("{9A19103F-16F7-4668-BE54-9A1E7A4F7556}") = "ExampleTestProject", "..\ExampleTestProject\ExampleTestProject.csproj", "{E1E6906F-7048-435B-8F57-74C71897077D}"
EndProject
Project("{9A19103F-16F7-4668-BE54-9A1E7A4F7556}") = "ExampleAspNetProject", "..\ExampleAspNetProject\ExampleAspNetProject.csproj", "{8E1C9841-E96B-457E-B082-66FDE92EF9E0}"
EndProject
Project("{2150E333-8FDC-42A3-9474-1A3956D46DE8}") = "Solution Items", "Solution Items", "{ABCD088E-3C52-4320-8297-4FD125185CBE}"
	ProjectSection(SolutionItems) = preProject
		..\..\azure-pipelines.yml = ..\..\azure-pipelines.yml
	EndProjectSection
EndProject
Global
	GlobalSection(SolutionConfigurationPlatforms) = preSolution
		Debug|Any CPU = Debug|Any CPU
		Release|Any CPU = Release|Any CPU
	EndGlobalSection
	GlobalSection(ProjectConfigurationPlatforms) = postSolution
		{81BC18BB-EF54-479E-BFEF-837DF5FC6E45}.Debug|Any CPU.ActiveCfg = Debug|Any CPU
		{81BC18BB-EF54-479E-BFEF-837DF5FC6E45}.Debug|Any CPU.Build.0 = Debug|Any CPU
		{81BC18BB-EF54-479E-BFEF-837DF5FC6E45}.Release|Any CPU.ActiveCfg = Release|Any CPU
		{81BC18BB-EF54-479E-BFEF-837DF5FC6E45}.Release|Any CPU.Build.0 = Release|Any CPU
		{E1E6906F-7048-435B-8F57-74C71897077D}.Debug|Any CPU.ActiveCfg = Debug|Any CPU
		{E1E6906F-7048-435B-8F57-74C71897077D}.Debug|Any CPU.Build.0 = Debug|Any CPU
		{E1E6906F-7048-435B-8F57-74C71897077D}.Release|Any CPU.ActiveCfg = Release|Any CPU
		{E1E6906F-7048-435B-8F57-74C71897077D}.Release|Any CPU.Build.0 = Release|Any CPU
		{8E1C9841-E96B-457E-B082-66FDE92EF9E0}.Debug|Any CPU.ActiveCfg = Debug|Any CPU
		{8E1C9841-E96B-457E-B082-66FDE92EF9E0}.Debug|Any CPU.Build.0 = Debug|Any CPU
		{8E1C9841-E96B-457E-B082-66FDE92EF9E0}.Release|Any CPU.ActiveCfg = Release|Any CPU
		{8E1C9841-E96B-457E-B082-66FDE92EF9E0}.Release|Any CPU.Build.0 = Release|Any CPU
	EndGlobalSection
	GlobalSection(SolutionProperties) = preSolution
		HideSolutionNode = FALSE
	EndGlobalSection
	GlobalSection(NestedProjects) = preSolution
		{E1E6906F-7048-435B-8F57-74C71897077D} = {C086FB4C-5C53-4C80-9F13-BB3327F24E3A}
		{8E1C9841-E96B-457E-B082-66FDE92EF9E0} = {C086FB4C-5C53-4C80-9F13-BB3327F24E3A}
	EndGlobalSection
	GlobalSection(ExtensibilityGlobals) = postSolution
		SolutionGuid = {B4EEB41D-EBA3-47E8-A2BE-262874924967}
	EndGlobalSection
EndGlobal
